
Microsoft Visual Studio Solution File, Format Version 12.00
# Visual Studio Version 17
VisualStudioVersion = 17.14.36616.10 d17.14
MinimumVisualStudioVersion = 10.0.40219.1
Project("{FAE04EC0-301F-11D3-BF4B-00C04F79EFBC}") = "Kitaplik_Projesi", "Kitaplik_Projesi\Kitaplik_Projesi.csproj", "{A80F61F4-DD5D-4319-8F76-7C44EDBD2CDF}"
EndProject
Global
	GlobalSection(SolutionConfigurationPlatforms) = preSolution
		Debug|Any CPU = Debug|Any CPU
		Release|Any CPU = Release|Any CPU
	EndGlobalSection
	GlobalSection(ProjectConfigurationPlatforms) = postSolution
		{A80F61F4-DD5D-4319-8F76-7C44EDBD2CDF}.Debug|Any CPU.ActiveCfg = Debug|Any CPU
		{A80F61F4-DD5D-4319-8F76-7C44EDBD2CDF}.Debug|Any CPU.Build.0 = Debug|Any CPU
		{A80F61F4-DD5D-4319-8F76-7C44EDBD2CDF}.Release|Any CPU.ActiveCfg = Release|Any CPU
		{A80F61F4-DD5D-4319-8F76-7C44EDBD2CDF}.Release|Any CPU.Build.0 = Release|Any CPU
	EndGlobalSection
	GlobalSection(SolutionProperties) = preSolution
		HideSolutionNode = FALSE
	EndGlobalSection
	GlobalSection(ExtensibilityGlobals) = postSolution
		SolutionGuid = {D5AE95FB-089F-41BF-ABA7-4D57822FC23C}
	EndGlobalSection
EndGlobal
